// !$*UTF8*$!
{
	archiveVersion = 1;
	classes = {
	};
	objectVersion = 55;
	objects = {

/* Begin PBXBuildFile section */
		AD0EE3C12859DAC30051E931 /* FotoCollectionViewCell.swift in Sources */ = {isa = PBXBuildFile; fileRef = AD0EE3BF2859DAC30051E931 /* FotoCollectionViewCell.swift */; };
		AD0EE3C22859DAC30051E931 /* FotoCollectionViewCell.xib in Resources */ = {isa = PBXBuildFile; fileRef = AD0EE3C02859DAC30051E931 /* FotoCollectionViewCell.xib */; };
		AD0EE3C42859DB300051E931 /* GallaryViewController.swift in Sources */ = {isa = PBXBuildFile; fileRef = AD0EE3C32859DB300051E931 /* GallaryViewController.swift */; };
		AD0EE3C62859DCB60051E931 /* Resources.swift in Sources */ = {isa = PBXBuildFile; fileRef = AD0EE3C52859DCB60051E931 /* Resources.swift */; };
		AD0EE3CA2859DDE00051E931 /* MFC+TableViewDataSource.swift in Sources */ = {isa = PBXBuildFile; fileRef = AD0EE3C92859DDE00051E931 /* MFC+TableViewDataSource.swift */; };
		AD0EE3CC2859E8600051E931 /* GVC+CollectionViewDelegate.swift in Sources */ = {isa = PBXBuildFile; fileRef = AD0EE3CB2859E8600051E931 /* GVC+CollectionViewDelegate.swift */; };
		AD0EE3D22859E93D0051E931 /* GVC+CollectionViewDataSource.swift in Sources */ = {isa = PBXBuildFile; fileRef = AD0EE3D12859E93D0051E931 /* GVC+CollectionViewDataSource.swift */; };
		AD0EE3D42859E9C30051E931 /* GVC+CollectionViewDelegateFlowLayout.swift in Sources */ = {isa = PBXBuildFile; fileRef = AD0EE3D32859E9C30051E931 /* GVC+CollectionViewDelegateFlowLayout.swift */; };
		AD11067E284A49AB000BEFF7 /* AllGroupController.swift in Sources */ = {isa = PBXBuildFile; fileRef = AD11067D284A49AB000BEFF7 /* AllGroupController.swift */; };
		AD110680284A4A87000BEFF7 /* MyFriendsController.swift in Sources */ = {isa = PBXBuildFile; fileRef = AD11067F284A4A87000BEFF7 /* MyFriendsController.swift */; };
		AD59DC7D2840BC90007A8C82 /* AppDelegate.swift in Sources */ = {isa = PBXBuildFile; fileRef = AD59DC7C2840BC90007A8C82 /* AppDelegate.swift */; };
		AD59DC7F2840BC90007A8C82 /* SceneDelegate.swift in Sources */ = {isa = PBXBuildFile; fileRef = AD59DC7E2840BC90007A8C82 /* SceneDelegate.swift */; };
		AD59DC812840BC90007A8C82 /* LoginViewController.swift in Sources */ = {isa = PBXBuildFile; fileRef = AD59DC802840BC90007A8C82 /* LoginViewController.swift */; };
		AD59DC842840BC90007A8C82 /* Main.storyboard in Resources */ = {isa = PBXBuildFile; fileRef = AD59DC822840BC90007A8C82 /* Main.storyboard */; };
		AD59DC862840BC91007A8C82 /* Assets.xcassets in Resources */ = {isa = PBXBuildFile; fileRef = AD59DC852840BC91007A8C82 /* Assets.xcassets */; };
		AD59DC892840BC91007A8C82 /* LaunchScreen.storyboard in Resources */ = {isa = PBXBuildFile; fileRef = AD59DC872840BC91007A8C82 /* LaunchScreen.storyboard */; };
		ADC5B84D284FA15500BD95FD /* Friend.swift in Sources */ = {isa = PBXBuildFile; fileRef = ADC5B84C284FA15500BD95FD /* Friend.swift */; };
		ADC5B851284FA5F500BD95FD /* CustomTableViewCell.swift in Sources */ = {isa = PBXBuildFile; fileRef = ADC5B84F284FA5F500BD95FD /* CustomTableViewCell.swift */; };
		ADC5B852284FA5F500BD95FD /* CustomTableViewCell.xib in Resources */ = {isa = PBXBuildFile; fileRef = ADC5B850284FA5F500BD95FD /* CustomTableViewCell.xib */; };
/* End PBXBuildFile section */

/* Begin PBXFileReference section */
		AD0EE3BF2859DAC30051E931 /* FotoCollectionViewCell.swift */ = {isa = PBXFileReference; fileEncoding = 4; lastKnownFileType = sourcecode.swift; path = FotoCollectionViewCell.swift; sourceTree = "<group>"; };
		AD0EE3C02859DAC30051E931 /* FotoCollectionViewCell.xib */ = {isa = PBXFileReference; fileEncoding = 4; lastKnownFileType = file.xib; path = FotoCollectionViewCell.xib; sourceTree = "<group>"; };
		AD0EE3C32859DB300051E931 /* GallaryViewController.swift */ = {isa = PBXFileReference; lastKnownFileType = sourcecode.swift; name = GallaryViewController.swift; path = 2ndLesson/Controllers/ViewControllers/GallaryViewController.swift; sourceTree = SOURCE_ROOT; };
		AD0EE3C52859DCB60051E931 /* Resources.swift */ = {isa = PBXFileReference; lastKnownFileType = sourcecode.swift; name = Resources.swift; path = 2ndLesson/Resources.swift; sourceTree = SOURCE_ROOT; };
		AD0EE3C92859DDE00051E931 /* MFC+TableViewDataSource.swift */ = {isa = PBXFileReference; lastKnownFileType = sourcecode.swift; path = "MFC+TableViewDataSource.swift"; sourceTree = "<group>"; };
		AD0EE3CB2859E8600051E931 /* GVC+CollectionViewDelegate.swift */ = {isa = PBXFileReference; lastKnownFileType = sourcecode.swift; path = "GVC+CollectionViewDelegate.swift"; sourceTree = "<group>"; };
		AD0EE3D12859E93D0051E931 /* GVC+CollectionViewDataSource.swift */ = {isa = PBXFileReference; lastKnownFileType = sourcecode.swift; path = "GVC+CollectionViewDataSource.swift"; sourceTree = "<group>"; };
		AD0EE3D32859E9C30051E931 /* GVC+CollectionViewDelegateFlowLayout.swift */ = {isa = PBXFileReference; lastKnownFileType = sourcecode.swift; path = "GVC+CollectionViewDelegateFlowLayout.swift"; sourceTree = "<group>"; };
		AD107C86284B59AF004BDC15 /* 2ndLesson.entitlements */ = {isa = PBXFileReference; lastKnownFileType = text.plist.entitlements; path = 2ndLesson.entitlements; sourceTree = "<group>"; };
		AD11067D284A49AB000BEFF7 /* AllGroupController.swift */ = {isa = PBXFileReference; lastKnownFileType = sourcecode.swift; path = AllGroupController.swift; sourceTree = "<group>"; };
		AD11067F284A4A87000BEFF7 /* MyFriendsController.swift */ = {isa = PBXFileReference; lastKnownFileType = sourcecode.swift; path = MyFriendsController.swift; sourceTree = "<group>"; };
		AD59DC792840BC90007A8C82 /* 2ndLesson.app */ = {isa = PBXFileReference; explicitFileType = wrapper.application; includeInIndex = 0; path = 2ndLesson.app; sourceTree = BUILT_PRODUCTS_DIR; };
		AD59DC7C2840BC90007A8C82 /* AppDelegate.swift */ = {isa = PBXFileReference; lastKnownFileType = sourcecode.swift; path = AppDelegate.swift; sourceTree = "<group>"; };
		AD59DC7E2840BC90007A8C82 /* SceneDelegate.swift */ = {isa = PBXFileReference; lastKnownFileType = sourcecode.swift; path = SceneDelegate.swift; sourceTree = "<group>"; };
		AD59DC802840BC90007A8C82 /* LoginViewController.swift */ = {isa = PBXFileReference; lastKnownFileType = sourcecode.swift; path = LoginViewController.swift; sourceTree = "<group>"; };
		AD59DC832840BC90007A8C82 /* Base */ = {isa = PBXFileReference; lastKnownFileType = file.storyboard; name = Base; path = Base.lproj/Main.storyboard; sourceTree = "<group>"; };
		AD59DC852840BC91007A8C82 /* Assets.xcassets */ = {isa = PBXFileReference; lastKnownFileType = folder.assetcatalog; path = Assets.xcassets; sourceTree = "<group>"; };
		AD59DC882840BC91007A8C82 /* Base */ = {isa = PBXFileReference; lastKnownFileType = file.storyboard; name = Base; path = Base.lproj/LaunchScreen.storyboard; sourceTree = "<group>"; };
		AD59DC8A2840BC91007A8C82 /* Info.plist */ = {isa = PBXFileReference; lastKnownFileType = text.plist.xml; path = Info.plist; sourceTree = "<group>"; };
		ADC5B84C284FA15500BD95FD /* Friend.swift */ = {isa = PBXFileReference; lastKnownFileType = sourcecode.swift; path = Friend.swift; sourceTree = "<group>"; };
		ADC5B84F284FA5F500BD95FD /* CustomTableViewCell.swift */ = {isa = PBXFileReference; fileEncoding = 4; lastKnownFileType = sourcecode.swift; path = CustomTableViewCell.swift; sourceTree = "<group>"; };
		ADC5B850284FA5F500BD95FD /* CustomTableViewCell.xib */ = {isa = PBXFileReference; fileEncoding = 4; lastKnownFileType = file.xib; path = CustomTableViewCell.xib; sourceTree = "<group>"; };
/* End PBXFileReference section */

/* Begin PBXFrameworksBuildPhase section */
		AD59DC762840BC90007A8C82 /* Frameworks */ = {
			isa = PBXFrameworksBuildPhase;
			buildActionMask = 2147483647;
			files = (
			);
			runOnlyForDeploymentPostprocessing = 0;
		};
/* End PBXFrameworksBuildPhase section */

/* Begin PBXGroup section */
		AD0EE3C82859DD250051E931 /* ViewControllers */ = {
			isa = PBXGroup;
			children = (
				AD59DC802840BC90007A8C82 /* LoginViewController.swift */,
				AD11067D284A49AB000BEFF7 /* AllGroupController.swift */,
				AD11067F284A4A87000BEFF7 /* MyFriendsController.swift */,
				AD0EE3C92859DDE00051E931 /* MFC+TableViewDataSource.swift */,
				AD0EE3C32859DB300051E931 /* GallaryViewController.swift */,
				AD0EE3CB2859E8600051E931 /* GVC+CollectionViewDelegate.swift */,
				AD0EE3D12859E93D0051E931 /* GVC+CollectionViewDataSource.swift */,
				AD0EE3D32859E9C30051E931 /* GVC+CollectionViewDelegateFlowLayout.swift */,
			);
			path = ViewControllers;
			sourceTree = "<group>";
		};
		AD59DC702840BC90007A8C82 = {
			isa = PBXGroup;
			children = (
				AD59DC7B2840BC90007A8C82 /* 2ndLesson */,
				AD59DC7A2840BC90007A8C82 /* Products */,
			);
			sourceTree = "<group>";
		};
		AD59DC7A2840BC90007A8C82 /* Products */ = {
			isa = PBXGroup;
			children = (
				AD59DC792840BC90007A8C82 /* 2ndLesson.app */,
			);
			name = Products;
			sourceTree = "<group>";
		};
		AD59DC7B2840BC90007A8C82 /* 2ndLesson */ = {
			isa = PBXGroup;
			children = (
				AD107C86284B59AF004BDC15 /* 2ndLesson.entitlements */,
				AD59DC7C2840BC90007A8C82 /* AppDelegate.swift */,
				AD59DC7E2840BC90007A8C82 /* SceneDelegate.swift */,
				ADC5B84B284FA11D00BD95FD /* Models */,
				ADC5B84A284FA10900BD95FD /* Controllers */,
				AD59DC822840BC90007A8C82 /* Main.storyboard */,
				AD59DC852840BC91007A8C82 /* Assets.xcassets */,
				AD59DC872840BC91007A8C82 /* LaunchScreen.storyboard */,
				AD59DC8A2840BC91007A8C82 /* Info.plist */,
			);
			path = 2ndLesson;
			sourceTree = "<group>";
		};
		ADC5B84A284FA10900BD95FD /* Controllers */ = {
			isa = PBXGroup;
			children = (
				ADC5B84E284FA52B00BD95FD /* cell */,
				AD0EE3C82859DD250051E931 /* ViewControllers */,
				AD0EE3C52859DCB60051E931 /* Resources.swift */,
			);
			path = Controllers;
			sourceTree = "<group>";
		};
		ADC5B84B284FA11D00BD95FD /* Models */ = {
			isa = PBXGroup;
			children = (
				ADC5B84C284FA15500BD95FD /* Friend.swift */,
			);
			path = Models;
			sourceTree = "<group>";
		};
		ADC5B84E284FA52B00BD95FD /* cell */ = {
			isa = PBXGroup;
			children = (
				ADC5B84F284FA5F500BD95FD /* CustomTableViewCell.swift */,
				ADC5B850284FA5F500BD95FD /* CustomTableViewCell.xib */,
				AD0EE3BF2859DAC30051E931 /* FotoCollectionViewCell.swift */,
				AD0EE3C02859DAC30051E931 /* FotoCollectionViewCell.xib */,
			);
			path = cell;
			sourceTree = "<group>";
		};
/* End PBXGroup section */

/* Begin PBXNativeTarget section */
		AD59DC782840BC90007A8C82 /* 2ndLesson */ = {
			isa = PBXNativeTarget;
			buildConfigurationList = AD59DC8D2840BC91007A8C82 /* Build configuration list for PBXNativeTarget "2ndLesson" */;
			buildPhases = (
				AD59DC752840BC90007A8C82 /* Sources */,
				AD59DC762840BC90007A8C82 /* Frameworks */,
				AD59DC772840BC90007A8C82 /* Resources */,
			);
			buildRules = (
			);
			dependencies = (
			);
			name = 2ndLesson;
			productName = 2ndLesson;
			productReference = AD59DC792840BC90007A8C82 /* 2ndLesson.app */;
			productType = "com.apple.product-type.application";
		};
/* End PBXNativeTarget section */

/* Begin PBXProject section */
		AD59DC712840BC90007A8C82 /* Project object */ = {
			isa = PBXProject;
			attributes = {
				BuildIndependentTargetsInParallel = 1;
				LastSwiftUpdateCheck = 1330;
				LastUpgradeCheck = 1330;
				TargetAttributes = {
					AD59DC782840BC90007A8C82 = {
						CreatedOnToolsVersion = 13.3.1;
					};
				};
			};
			buildConfigurationList = AD59DC742840BC90007A8C82 /* Build configuration list for PBXProject "2ndLesson" */;
			compatibilityVersion = "Xcode 13.0";
			developmentRegion = en;
			hasScannedForEncodings = 0;
			knownRegions = (
				en,
				Base,
			);
			mainGroup = AD59DC702840BC90007A8C82;
			productRefGroup = AD59DC7A2840BC90007A8C82 /* Products */;
			projectDirPath = "";
			projectRoot = "";
			targets = (
				AD59DC782840BC90007A8C82 /* 2ndLesson */,
			);
		};
/* End PBXProject section */

/* Begin PBXResourcesBuildPhase section */
		AD59DC772840BC90007A8C82 /* Resources */ = {
			isa = PBXResourcesBuildPhase;
			buildActionMask = 2147483647;
			files = (
				AD59DC892840BC91007A8C82 /* LaunchScreen.storyboard in Resources */,
				AD59DC862840BC91007A8C82 /* Assets.xcassets in Resources */,
				ADC5B852284FA5F500BD95FD /* CustomTableViewCell.xib in Resources */,
				AD0EE3C22859DAC30051E931 /* FotoCollectionViewCell.xib in Resources */,
				AD59DC842840BC90007A8C82 /* Main.storyboard in Resources */,
			);
			runOnlyForDeploymentPostprocessing = 0;
		};
/* End PBXResourcesBuildPhase section */

/* Begin PBXSourcesBuildPhase section */
		AD59DC752840BC90007A8C82 /* Sources */ = {
			isa = PBXSourcesBuildPhase;
			buildActionMask = 2147483647;
			files = (
				AD59DC812840BC90007A8C82 /* LoginViewController.swift in Sources */,
				AD11067E284A49AB000BEFF7 /* AllGroupController.swift in Sources */,
				AD110680284A4A87000BEFF7 /* MyFriendsController.swift in Sources */,
				AD0EE3C62859DCB60051E931 /* Resources.swift in Sources */,
				AD0EE3CC2859E8600051E931 /* GVC+CollectionViewDelegate.swift in Sources */,
				ADC5B851284FA5F500BD95FD /* CustomTableViewCell.swift in Sources */,
				AD0EE3D42859E9C30051E931 /* GVC+CollectionViewDelegateFlowLayout.swift in Sources */,
				ADC5B84D284FA15500BD95FD /* Friend.swift in Sources */,
				AD0EE3D22859E93D0051E931 /* GVC+CollectionViewDataSource.swift in Sources */,
				AD0EE3C42859DB300051E931 /* GallaryViewController.swift in Sources */,
				AD59DC7D2840BC90007A8C82 /* AppDelegate.swift in Sources */,
				AD0EE3CA2859DDE00051E931 /* MFC+TableViewDataSource.swift in Sources */,
				AD0EE3C12859DAC30051E931 /* FotoCollectionViewCell.swift in Sources */,
				AD59DC7F2840BC90007A8C82 /* SceneDelegate.swift in Sources */,
			);
			runOnlyForDeploymentPostprocessing = 0;
		};
/* End PBXSourcesBuildPhase section */

/* Begin PBXVariantGroup section */
		AD59DC822840BC90007A8C82 /* Main.storyboard */ = {
			isa = PBXVariantGroup;
			children = (
				AD59DC832840BC90007A8C82 /* Base */,
			);
			name = Main.storyboard;
			sourceTree = "<group>";
		};
		AD59DC872840BC91007A8C82 /* LaunchScreen.storyboard */ = {
			isa = PBXVariantGroup;
			children = (
				AD59DC882840BC91007A8C82 /* Base */,
			);
			name = LaunchScreen.storyboard;
			sourceTree = "<group>";
		};
/* End PBXVariantGroup section */

/* Begin XCBuildConfiguration section */
		AD59DC8B2840BC91007A8C82 /* Debug */ = {
			isa = XCBuildConfiguration;
			buildSettings = {
				ALWAYS_SEARCH_USER_PATHS = NO;
				CLANG_ANALYZER_NONNULL = YES;
				CLANG_ANALYZER_NUMBER_OBJECT_CONVERSION = YES_AGGRESSIVE;
				CLANG_CXX_LANGUAGE_STANDARD = "gnu++17";
				CLANG_ENABLE_MODULES = YES;
				CLANG_ENABLE_OBJC_ARC = YES;
				CLANG_ENABLE_OBJC_WEAK = YES;
				CLANG_WARN_BLOCK_CAPTURE_AUTORELEASING = YES;
				CLANG_WARN_BOOL_CONVERSION = YES;
				CLANG_WARN_COMMA = YES;
				CLANG_WARN_CONSTANT_CONVERSION = YES;
				CLANG_WARN_DEPRECATED_OBJC_IMPLEMENTATIONS = YES;
				CLANG_WARN_DIRECT_OBJC_ISA_USAGE = YES_ERROR;
				CLANG_WARN_DOCUMENTATION_COMMENTS = YES;
				CLANG_WARN_EMPTY_BODY = YES;
				CLANG_WARN_ENUM_CONVERSION = YES;
				CLANG_WARN_INFINITE_RECURSION = YES;
				CLANG_WARN_INT_CONVERSION = YES;
				CLANG_WARN_NON_LITERAL_NULL_CONVERSION = YES;
				CLANG_WARN_OBJC_IMPLICIT_RETAIN_SELF = YES;
				CLANG_WARN_OBJC_LITERAL_CONVERSION = YES;
				CLANG_WARN_OBJC_ROOT_CLASS = YES_ERROR;
				CLANG_WARN_QUOTED_INCLUDE_IN_FRAMEWORK_HEADER = YES;
				CLANG_WARN_RANGE_LOOP_ANALYSIS = YES;
				CLANG_WARN_STRICT_PROTOTYPES = YES;
				CLANG_WARN_SUSPICIOUS_MOVE = YES;
				CLANG_WARN_UNGUARDED_AVAILABILITY = YES_AGGRESSIVE;
				CLANG_WARN_UNREACHABLE_CODE = YES;
				CLANG_WARN__DUPLICATE_METHOD_MATCH = YES;
				COPY_PHASE_STRIP = NO;
				DEBUG_INFORMATION_FORMAT = dwarf;
				ENABLE_STRICT_OBJC_MSGSEND = YES;
				ENABLE_TESTABILITY = YES;
				GCC_C_LANGUAGE_STANDARD = gnu11;
				GCC_DYNAMIC_NO_PIC = NO;
				GCC_NO_COMMON_BLOCKS = YES;
				GCC_OPTIMIZATION_LEVEL = 0;
				GCC_PREPROCESSOR_DEFINITIONS = (
					"DEBUG=1",
					"$(inherited)",
				);
				GCC_WARN_64_TO_32_BIT_CONVERSION = YES;
				GCC_WARN_ABOUT_RETURN_TYPE = YES_ERROR;
				GCC_WARN_UNDECLARED_SELECTOR = YES;
				GCC_WARN_UNINITIALIZED_AUTOS = YES_AGGRESSIVE;
				GCC_WARN_UNUSED_FUNCTION = YES;
				GCC_WARN_UNUSED_VARIABLE = YES;
				IPHONEOS_DEPLOYMENT_TARGET = 15.4;
				MTL_ENABLE_DEBUG_INFO = INCLUDE_SOURCE;
				MTL_FAST_MATH = YES;
				ONLY_ACTIVE_ARCH = YES;
				SDKROOT = iphoneos;
				SWIFT_ACTIVE_COMPILATION_CONDITIONS = DEBUG;
				SWIFT_OPTIMIZATION_LEVEL = "-Onone";
			};
			name = Debug;
		};
		AD59DC8C2840BC91007A8C82 /* Release */ = {
			isa = XCBuildConfiguration;
			buildSettings = {
				ALWAYS_SEARCH_USER_PATHS = NO;
				CLANG_ANALYZER_NONNULL = YES;
				CLANG_ANALYZER_NUMBER_OBJECT_CONVERSION = YES_AGGRESSIVE;
				CLANG_CXX_LANGUAGE_STANDARD = "gnu++17";
				CLANG_ENABLE_MODULES = YES;
				CLANG_ENABLE_OBJC_ARC = YES;
				CLANG_ENABLE_OBJC_WEAK = YES;
				CLANG_WARN_BLOCK_CAPTURE_AUTORELEASING = YES;
				CLANG_WARN_BOOL_CONVERSION = YES;
				CLANG_WARN_COMMA = YES;
				CLANG_WARN_CONSTANT_CONVERSION = YES;
				CLANG_WARN_DEPRECATED_OBJC_IMPLEMENTATIONS = YES;
				CLANG_WARN_DIRECT_OBJC_ISA_USAGE = YES_ERROR;
				CLANG_WARN_DOCUMENTATION_COMMENTS = YES;
				CLANG_WARN_EMPTY_BODY = YES;
				CLANG_WARN_ENUM_CONVERSION = YES;
				CLANG_WARN_INFINITE_RECURSION = YES;
				CLANG_WARN_INT_CONVERSION = YES;
				CLANG_WARN_NON_LITERAL_NULL_CONVERSION = YES;
				CLANG_WARN_OBJC_IMPLICIT_RETAIN_SELF = YES;
				CLANG_WARN_OBJC_LITERAL_CONVERSION = YES;
				CLANG_WARN_OBJC_ROOT_CLASS = YES_ERROR;
				CLANG_WARN_QUOTED_INCLUDE_IN_FRAMEWORK_HEADER = YES;
				CLANG_WARN_RANGE_LOOP_ANALYSIS = YES;
				CLANG_WARN_STRICT_PROTOTYPES = YES;
				CLANG_WARN_SUSPICIOUS_MOVE = YES;
				CLANG_WARN_UNGUARDED_AVAILABILITY = YES_AGGRESSIVE;
				CLANG_WARN_UNREACHABLE_CODE = YES;
				CLANG_WARN__DUPLICATE_METHOD_MATCH = YES;
				COPY_PHASE_STRIP = NO;
				DEBUG_INFORMATION_FORMAT = "dwarf-with-dsym";
				ENABLE_NS_ASSERTIONS = NO;
				ENABLE_STRICT_OBJC_MSGSEND = YES;
				GCC_C_LANGUAGE_STANDARD = gnu11;
				GCC_NO_COMMON_BLOCKS = YES;
				GCC_WARN_64_TO_32_BIT_CONVERSION = YES;
				GCC_WARN_ABOUT_RETURN_TYPE = YES_ERROR;
				GCC_WARN_UNDECLARED_SELECTOR = YES;
				GCC_WARN_UNINITIALIZED_AUTOS = YES_AGGRESSIVE;
				GCC_WARN_UNUSED_FUNCTION = YES;
				GCC_WARN_UNUSED_VARIABLE = YES;
				IPHONEOS_DEPLOYMENT_TARGET = 15.4;
				MTL_ENABLE_DEBUG_INFO = NO;
				MTL_FAST_MATH = YES;
				SDKROOT = iphoneos;
				SWIFT_COMPILATION_MODE = wholemodule;
				SWIFT_OPTIMIZATION_LEVEL = "-O";
				VALIDATE_PRODUCT = YES;
			};
			name = Release;
		};
		AD59DC8E2840BC91007A8C82 /* Debug */ = {
			isa = XCBuildConfiguration;
			buildSettings = {
				ASSETCATALOG_COMPILER_APPICON_NAME = AppIcon;
				ASSETCATALOG_COMPILER_GLOBAL_ACCENT_COLOR_NAME = AccentColor;
				CODE_SIGN_ENTITLEMENTS = 2ndLesson/2ndLesson.entitlements;
				CODE_SIGN_IDENTITY = "Apple Development";
				CODE_SIGN_STYLE = Automatic;
				CURRENT_PROJECT_VERSION = 1;
				DEVELOPMENT_TEAM = 994K78QDG8;
				GENERATE_INFOPLIST_FILE = YES;
				INFOPLIST_FILE = 2ndLesson/Info.plist;
				INFOPLIST_KEY_UIApplicationSupportsIndirectInputEvents = YES;
				INFOPLIST_KEY_UILaunchStoryboardName = LaunchScreen;
				INFOPLIST_KEY_UIMainStoryboardFile = Main;
				INFOPLIST_KEY_UISupportedInterfaceOrientations_iPad = "UIInterfaceOrientationPortrait UIInterfaceOrientationPortraitUpsideDown UIInterfaceOrientationLandscapeLeft UIInterfaceOrientationLandscapeRight";
				INFOPLIST_KEY_UISupportedInterfaceOrientations_iPhone = "UIInterfaceOrientationPortrait UIInterfaceOrientationLandscapeLeft UIInterfaceOrientationLandscapeRight";
				LD_RUNPATH_SEARCH_PATHS = (
					"$(inherited)",
					"@executable_path/Frameworks",
				);
				MARKETING_VERSION = 1.0;
				PRODUCT_BUNDLE_IDENTIFIER = i.2ndLesson;
				PRODUCT_NAME = "$(TARGET_NAME)";
				PROVISIONING_PROFILE_SPECIFIER = "";
				SWIFT_EMIT_LOC_STRINGS = YES;
				SWIFT_VERSION = 5.0;
				TARGETED_DEVICE_FAMILY = "1,2";
			};
			name = Debug;
		};
		AD59DC8F2840BC91007A8C82 /* Release */ = {
			isa = XCBuildConfiguration;
			buildSettings = {
				ASSETCATALOG_COMPILER_APPICON_NAME = AppIcon;
				ASSETCATALOG_COMPILER_GLOBAL_ACCENT_COLOR_NAME = AccentColor;
				CODE_SIGN_ENTITLEMENTS = 2ndLesson/2ndLesson.entitlements;
				CODE_SIGN_IDENTITY = "Apple Development";
				CODE_SIGN_STYLE = Automatic;
				CURRENT_PROJECT_VERSION = 1;
				DEVELOPMENT_TEAM = 994K78QDG8;
				GENERATE_INFOPLIST_FILE = YES;
				INFOPLIST_FILE = 2ndLesson/Info.plist;
				INFOPLIST_KEY_UIApplicationSupportsIndirectInputEvents = YES;
				INFOPLIST_KEY_UILaunchStoryboardName = LaunchScreen;
				INFOPLIST_KEY_UIMainStoryboardFile = Main;
				INFOPLIST_KEY_UISupportedInterfaceOrientations_iPad = "UIInterfaceOrientationPortrait UIInterfaceOrientationPortraitUpsideDown UIInterfaceOrientationLandscapeLeft UIInterfaceOrientationLandscapeRight";
				INFOPLIST_KEY_UISupportedInterfaceOrientations_iPhone = "UIInterfaceOrientationPortrait UIInterfaceOrientationLandscapeLeft UIInterfaceOrientationLandscapeRight";
				LD_RUNPATH_SEARCH_PATHS = (
					"$(inherited)",
					"@executable_path/Frameworks",
				);
				MARKETING_VERSION = 1.0;
				PRODUCT_BUNDLE_IDENTIFIER = i.2ndLesson;
				PRODUCT_NAME = "$(TARGET_NAME)";
				PROVISIONING_PROFILE_SPECIFIER = "";
				SWIFT_EMIT_LOC_STRINGS = YES;
				SWIFT_VERSION = 5.0;
				TARGETED_DEVICE_FAMILY = "1,2";
			};
			name = Release;
		};
/* End XCBuildConfiguration section */

/* Begin XCConfigurationList section */
		AD59DC742840BC90007A8C82 /* Build configuration list for PBXProject "2ndLesson" */ = {
			isa = XCConfigurationList;
			buildConfigurations = (
				AD59DC8B2840BC91007A8C82 /* Debug */,
				AD59DC8C2840BC91007A8C82 /* Release */,
			);
			defaultConfigurationIsVisible = 0;
			defaultConfigurationName = Release;
		};
		AD59DC8D2840BC91007A8C82 /* Build configuration list for PBXNativeTarget "2ndLesson" */ = {
			isa = XCConfigurationList;
			buildConfigurations = (
				AD59DC8E2840BC91007A8C82 /* Debug */,
				AD59DC8F2840BC91007A8C82 /* Release */,
			);
			defaultConfigurationIsVisible = 0;
			defaultConfigurationName = Release;
		};
/* End XCConfigurationList section */
	};
	rootObject = AD59DC712840BC90007A8C82 /* Project object */;
}
